
Microsoft Visual Studio Solution File, Format Version 12.00
# Visual Studio Version 16
VisualStudioVersion = 16.0.30907.101
MinimumVisualStudioVersion = 10.0.40219.1
Project("{FAE04EC0-301F-11D3-BF4B-00C04F79EFBC}") = "Plugins", "Plugins\Plugins.csproj", "{06901182-56A7-4647-AEE6-0FC382C6FDB7}"
EndProject
Project("{FAE04EC0-301F-11D3-BF4B-00C04F79EFBC}") = "Plugins.Tests", "Plugins.Tests\Plugins.Tests.csproj", "{94FDD053-54F9-431D-A136-72F8C7A213E3}"
EndProject
Global
	GlobalSection(SolutionConfigurationPlatforms) = preSolution
		Debug|Any CPU = Debug|Any CPU
		Release|Any CPU = Release|Any CPU
	EndGlobalSection
	GlobalSection(ProjectConfigurationPlatforms) = postSolution
		{06901182-56A7-4647-AEE6-0FC382C6FDB7}.Debug|Any CPU.ActiveCfg = Debug|Any CPU
		{06901182-56A7-4647-AEE6-0FC382C6FDB7}.Debug|Any CPU.Build.0 = Debug|Any CPU
		{06901182-56A7-4647-AEE6-0FC382C6FDB7}.Release|Any CPU.ActiveCfg = Release|Any CPU
		{06901182-56A7-4647-AEE6-0FC382C6FDB7}.Release|Any CPU.Build.0 = Release|Any CPU
		{500C3E42-D804-416B-A28D-BCEFEFCD1CC2}.Debug|Any CPU.ActiveCfg = Debug|Any CPU
		{500C3E42-D804-416B-A28D-BCEFEFCD1CC2}.Debug|Any CPU.Build.0 = Debug|Any CPU
		{500C3E42-D804-416B-A28D-BCEFEFCD1CC2}.Release|Any CPU.ActiveCfg = Release|Any CPU
		{500C3E42-D804-416B-A28D-BCEFEFCD1CC2}.Release|Any CPU.Build.0 = Release|Any CPU
		{94FDD053-54F9-431D-A136-72F8C7A213E3}.Debug|Any CPU.ActiveCfg = Debug|Any CPU
		{94FDD053-54F9-431D-A136-72F8C7A213E3}.Debug|Any CPU.Build.0 = Debug|Any CPU
		{94FDD053-54F9-431D-A136-72F8C7A213E3}.Release|Any CPU.ActiveCfg = Release|Any CPU
		{94FDD053-54F9-431D-A136-72F8C7A213E3}.Release|Any CPU.Build.0 = Release|Any CPU
	EndGlobalSection
	GlobalSection(SolutionProperties) = preSolution
		HideSolutionNode = FALSE
	EndGlobalSection
	GlobalSection(ExtensibilityGlobals) = postSolution
		SolutionGuid = {970EDB4F-1BD7-4E57-945B-B4FCAAA4E316}
	EndGlobalSection
EndGlobal
