
Microsoft Visual Studio Solution File, Format Version 12.00
# Visual Studio Version 16
VisualStudioVersion = 16.0.29409.12
MinimumVisualStudioVersion = 10.0.40219.1
Project("{2150E333-8FDC-42A3-9474-1A3956D46DE8}") = "Warehouse", "Warehouse", "{B5FD9E21-2CE9-4F68-8C51-36960D7BD8A7}"
EndProject
Project("{00D1A9C2-B5F0-4AF3-8072-F6C62B433612}") = "Warehouse", "Warehouse\Warehouse\Warehouse.sqlproj", "{1C29EF12-668B-464F-8144-638E4AD056D9}"
EndProject
Project("{2150E333-8FDC-42A3-9474-1A3956D46DE8}") = "Deployment", "Deployment", "{A232A2F1-E8DE-417E-834D-DF6B678365A2}"
	ProjectSection(SolutionItems) = preProject
		Deployment\DeployOrchestrator.ps1 = Deployment\DeployOrchestrator.ps1
	EndProjectSection
EndProject
Project("{2150E333-8FDC-42A3-9474-1A3956D46DE8}") = "ARM", "ARM", "{A9D0A518-4588-4CB9-BE3C-1231268A58AB}"
	ProjectSection(SolutionItems) = preProject
		Deployment\ARM\azuredeploy.json = Deployment\ARM\azuredeploy.json
		Deployment\ARM\Deploy-AzureResourceGroup.ps1 = Deployment\ARM\Deploy-AzureResourceGroup.ps1
	EndProjectSection
EndProject
Project("{2150E333-8FDC-42A3-9474-1A3956D46DE8}") = "DataFactoryCode", "DataFactoryCode", "{7E727F39-13B2-4147-AE7A-BE8A992A80C8}"
	ProjectSection(SolutionItems) = preProject
		Deployment\DataFactoryCode\azuredeploy.json = Deployment\DataFactoryCode\azuredeploy.json
		Deployment\DataFactoryCode\Deploy-AzureDataFactoryCode.ps1 = Deployment\DataFactoryCode\Deploy-AzureDataFactoryCode.ps1
	EndProjectSection
EndProject
Project("{2150E333-8FDC-42A3-9474-1A3956D46DE8}") = "Scripts", "Scripts", "{D314033A-74F7-454B-B64D-5E26B11EE967}"
	ProjectSection(SolutionItems) = preProject
		Deployment\Scripts\Add-KeyVaultPolicy.ps1 = Deployment\Scripts\Add-KeyVaultPolicy.ps1
		Deployment\Scripts\Create-SqlServerMsi.ps1 = Deployment\Scripts\Create-SqlServerMsi.ps1
		Deployment\SqlServerCode\Execute-DeploySqlServerCode.ps1 = Deployment\SqlServerCode\Execute-DeploySqlServerCode.ps1
		Deployment\Scripts\Set-AzureDataLakeStorePermissions.ps1 = Deployment\Scripts\Set-AzureDataLakeStorePermissions.ps1
		Deployment\Scripts\Set-IamPermissions.ps1 = Deployment\Scripts\Set-IamPermissions.ps1
		Deployment\Scripts\Set-KeyVaultSecret.ps1 = Deployment\Scripts\Set-KeyVaultSecret.ps1
		Deployment\Scripts\Set-ResourceGroupIamPermissions.ps1 = Deployment\Scripts\Set-ResourceGroupIamPermissions.ps1
		Deployment\Scripts\Set-SqlServerAADAdministrator.ps1 = Deployment\Scripts\Set-SqlServerAADAdministrator.ps1
		Deployment\Scripts\Upload-StorageAccountBlobFiles.ps1 = Deployment\Scripts\Upload-StorageAccountBlobFiles.ps1
	EndProjectSection
EndProject
Global
	GlobalSection(SolutionConfigurationPlatforms) = preSolution
		Debug|Any CPU = Debug|Any CPU
		Release|Any CPU = Release|Any CPU
	EndGlobalSection
	GlobalSection(ProjectConfigurationPlatforms) = postSolution
		{1C29EF12-668B-464F-8144-638E4AD056D9}.Debug|Any CPU.ActiveCfg = Debug|Any CPU
		{1C29EF12-668B-464F-8144-638E4AD056D9}.Debug|Any CPU.Build.0 = Debug|Any CPU
		{1C29EF12-668B-464F-8144-638E4AD056D9}.Debug|Any CPU.Deploy.0 = Debug|Any CPU
		{1C29EF12-668B-464F-8144-638E4AD056D9}.Release|Any CPU.ActiveCfg = Release|Any CPU
		{1C29EF12-668B-464F-8144-638E4AD056D9}.Release|Any CPU.Build.0 = Release|Any CPU
		{1C29EF12-668B-464F-8144-638E4AD056D9}.Release|Any CPU.Deploy.0 = Release|Any CPU
	EndGlobalSection
	GlobalSection(SolutionProperties) = preSolution
		HideSolutionNode = FALSE
	EndGlobalSection
	GlobalSection(NestedProjects) = preSolution
		{1C29EF12-668B-464F-8144-638E4AD056D9} = {B5FD9E21-2CE9-4F68-8C51-36960D7BD8A7}
		{A9D0A518-4588-4CB9-BE3C-1231268A58AB} = {A232A2F1-E8DE-417E-834D-DF6B678365A2}
		{7E727F39-13B2-4147-AE7A-BE8A992A80C8} = {A232A2F1-E8DE-417E-834D-DF6B678365A2}
		{D314033A-74F7-454B-B64D-5E26B11EE967} = {A232A2F1-E8DE-417E-834D-DF6B678365A2}
	EndGlobalSection
	GlobalSection(ExtensibilityGlobals) = postSolution
		SolutionGuid = {CD51E8D9-2735-4F28-ABCA-3494872910F3}
	EndGlobalSection
EndGlobal
